
Microsoft Visual Studio Solution File, Format Version 12.00
# Visual Studio Version 17
VisualStudioVersion = 17.4.33213.308
MinimumVisualStudioVersion = 10.0.40219.1
Project("{FAE04EC0-301F-11D3-BF4B-00C04F79EFBC}") = "Week15OOPAndFiles", "Week15OOPAndFiles\Week15OOPAndFiles.csproj", "{2C828FD5-58F3-4902-AFD6-ABC2EAA31869}"
EndProject
Project("{FAE04EC0-301F-11D3-BF4B-00C04F79EFBC}") = "Practice", "Practice\Practice.csproj", "{EAE982AA-DD07-4BE2-8261-683733CAC3C6}"
EndProject
Project("{FAE04EC0-301F-11D3-BF4B-00C04F79EFBC}") = "Practice 2", "Practice 2\Practice 2.csproj", "{4330DA99-E051-468A-92EA-DB77C77144FF}"
EndProject
Global
	GlobalSection(SolutionConfigurationPlatforms) = preSolution
		Debug|Any CPU = Debug|Any CPU
		Release|Any CPU = Release|Any CPU
	EndGlobalSection
	GlobalSection(ProjectConfigurationPlatforms) = postSolution
		{2C828FD5-58F3-4902-AFD6-ABC2EAA31869}.Debug|Any CPU.ActiveCfg = Debug|Any CPU
		{2C828FD5-58F3-4902-AFD6-ABC2EAA31869}.Debug|Any CPU.Build.0 = Debug|Any CPU
		{2C828FD5-58F3-4902-AFD6-ABC2EAA31869}.Release|Any CPU.ActiveCfg = Release|Any CPU
		{2C828FD5-58F3-4902-AFD6-ABC2EAA31869}.Release|Any CPU.Build.0 = Release|Any CPU
		{EAE982AA-DD07-4BE2-8261-683733CAC3C6}.Debug|Any CPU.ActiveCfg = Debug|Any CPU
		{EAE982AA-DD07-4BE2-8261-683733CAC3C6}.Debug|Any CPU.Build.0 = Debug|Any CPU
		{EAE982AA-DD07-4BE2-8261-683733CAC3C6}.Release|Any CPU.ActiveCfg = Release|Any CPU
		{EAE982AA-DD07-4BE2-8261-683733CAC3C6}.Release|Any CPU.Build.0 = Release|Any CPU
		{4330DA99-E051-468A-92EA-DB77C77144FF}.Debug|Any CPU.ActiveCfg = Debug|Any CPU
		{4330DA99-E051-468A-92EA-DB77C77144FF}.Debug|Any CPU.Build.0 = Debug|Any CPU
		{4330DA99-E051-468A-92EA-DB77C77144FF}.Release|Any CPU.ActiveCfg = Release|Any CPU
		{4330DA99-E051-468A-92EA-DB77C77144FF}.Release|Any CPU.Build.0 = Release|Any CPU
	EndGlobalSection
	GlobalSection(SolutionProperties) = preSolution
		HideSolutionNode = FALSE
	EndGlobalSection
	GlobalSection(ExtensibilityGlobals) = postSolution
		SolutionGuid = {2B62C955-5C38-4727-BB5E-5DD93FDD63DB}
	EndGlobalSection
EndGlobal
